<?xml version="1.0" encoding="UTF-8"?>
<Scheme
   LastUpgradeVersion = "0630"
   version = "1.3">
   <BuildAction
      parallelizeBuildables = "YES"
      buildImplicitDependencies = "YES">
      <BuildActionEntries>
         <BuildActionEntry
            buildForTesting = "YES"
            buildForRunning = "YES"
            buildForProfiling = "YES"
            buildForArchiving = "YES"
            buildForAnalyzing = "YES">
            <BuildableReference
               BuildableIdentifier = "primary"
               BlueprintIdentifier = "D9FEBB1F1B0235FD007BAD33"
               BuildableName = "CardsApp WatchKit App.app"
               BlueprintName = "CardsApp WatchKit App"
               ReferencedContainer = "container:CardsApp.xcodeproj">
            </BuildableReference>
         </BuildActionEntry>
         <BuildActionEntry
            buildForTesting = "YES"
            buildForRunning = "YES"
            buildForProfiling = "YES"
            buildForArchiving = "YES"
            buildForAnalyzing = "YES">
            <BuildableReference
               BuildableIdentifier = "primary"
               BlueprintIdentifier = "D9FEBAE71B0235EA007BAD33"
               BuildableName = "CardsApp.app"
               BlueprintName = "CardsApp"
               ReferencedContainer = "container:CardsApp.xcodeproj">
            </BuildableReference>
         </BuildActionEntry>
         <BuildActionEntry
            buildForTesting = "YES"
            buildForRunning = "YES"
            buildForProfiling = "YES"
            buildForArchiving = "YES"
            buildForAnalyzing = "YES">
            <BuildableReference
               BuildableIdentifier = "primary"
               BlueprintIdentifier = "D9FEBB141B0235FD007BAD33"
               BuildableName = "CardsApp WatchKit Extension.appex"
               BlueprintName = "CardsApp WatchKit Extension"
               ReferencedContainer = "container:CardsApp.xcodeproj">
            </BuildableReference>
         </BuildActionEntry>
      </BuildActionEntries>
   </BuildAction>
   <TestAction
      selectedDebuggerIdentifier = "Xcode.DebuggerFoundation.Debugger.LLDB"
      selectedLauncherIdentifier = "Xcode.DebuggerFoundation.Launcher.LLDB"
      shouldUseLaunchSchemeArgsEnv = "YES"
      buildConfiguration = "Debug">
      <Testables>
      </Testables>
      <MacroExpansion>
         <BuildableReference
            BuildableIdentifier = "primary"
            BlueprintIdentifier = "D9FEBB1F1B0235FD007BAD33"
            BuildableName = "CardsApp WatchKit App.app"
            BlueprintName = "CardsApp WatchKit App"
            ReferencedContainer = "container:CardsApp.xcodeproj">
         </BuildableReference>
      </MacroExpansion>
   </TestAction>
   <LaunchAction
      selectedDebuggerIdentifier = "Xcode.DebuggerFoundation.Debugger.LLDB"
      selectedLauncherIdentifier = "Xcode.DebuggerFoundation.Launcher.LLDB"
      launchStyle = "0"
      useCustomWorkingDirectory = "NO"
      buildConfiguration = "Debug"
      ignoresPersistentStateOnLaunch = "NO"
      debugDocumentVersioning = "YES"
      allowLocationSimulation = "YES">
      <RemoteRunnable
         runnableDebuggingMode = "2"
         BundleIdentifier = "com.apple.springboard"
         RemotePath = "/CardsApp">
         <BuildableReference
            BuildableIdentifier = "primary"
            BlueprintIdentifier = "D9FEBB1F1B0235FD007BAD33"
            BuildableName = "CardsApp WatchKit App.app"
            BlueprintName = "CardsApp WatchKit App"
            ReferencedContainer = "container:CardsApp.xcodeproj">
         </BuildableReference>
      </RemoteRunnable>
      <MacroExpansion>
         <BuildableReference
            BuildableIdentifier = "primary"
            BlueprintIdentifier = "D9FEBB1F1B0235FD007BAD33"
            BuildableName = "CardsApp WatchKit App.app"
            BlueprintName = "CardsApp WatchKit App"
            ReferencedContainer = "container:CardsApp.xcodeproj">
         </BuildableReference>
      </MacroExpansion>
      <AdditionalOptions>
      </AdditionalOptions>
   </LaunchAction>
   <ProfileAction
      shouldUseLaunchSchemeArgsEnv = "YES"
      savedToolIdentifier = ""
      useCustomWorkingDirectory = "NO"
      buildConfiguration = "Release"
      debugDocumentVersioning = "YES">
      <RemoteRunnable
         runnableDebuggingMode = "2"
         BundleIdentifier = "com.apple.springboard"
         RemotePath = "/CardsApp">
         <BuildableReference
            BuildableIdentifier = "primary"
            BlueprintIdentifier = "D9FEBB1F1B0235FD007BAD33"
            BuildableName = "CardsApp WatchKit App.app"
            BlueprintName = "CardsApp WatchKit App"
            ReferencedContainer = "container:CardsApp.xcodeproj">
         </BuildableReference>
      </RemoteRunnable>
      <MacroExpansion>
         <BuildableReference
            BuildableIdentifier = "primary"
            BlueprintIdentifier = "D9FEBB1F1B0235FD007BAD33"
            BuildableName = "CardsApp WatchKit App.app"
            BlueprintName = "CardsApp WatchKit App"
            ReferencedContainer = "container:CardsApp.xcodeproj">
         </BuildableReference>
      </MacroExpansion>
   </ProfileAction>
   <AnalyzeAction
      buildConfiguration = "Debug">
   </AnalyzeAction>
   <ArchiveAction
      buildConfiguration = "Release"
      revealArchiveInOrganizer = "YES">
   </ArchiveAction>
</Scheme>
